
Microsoft Visual Studio Solution File, Format Version 12.00
# Visual Studio 15
VisualStudioVersion = 15.0.28307.271
MinimumVisualStudioVersion = 10.0.40219.1
Project("{9A19103F-16F7-4668-BE54-9A1E7A4F7556}") = "Site", "Site\Site.csproj", "{9F7E4DEE-3762-401F-B8B4-432C6FC9962C}"
EndProject
Global
	GlobalSection(SolutionConfigurationPlatforms) = preSolution
		Debug|Any CPU = Debug|Any CPU
		Release|Any CPU = Release|Any CPU
	EndGlobalSection
	GlobalSection(ProjectConfigurationPlatforms) = postSolution
		{9F7E4DEE-3762-401F-B8B4-432C6FC9962C}.Debug|Any CPU.ActiveCfg = Debug|Any CPU
		{9F7E4DEE-3762-401F-B8B4-432C6FC9962C}.Debug|Any CPU.Build.0 = Debug|Any CPU
		{9F7E4DEE-3762-401F-B8B4-432C6FC9962C}.Release|Any CPU.ActiveCfg = Release|Any CPU
		{9F7E4DEE-3762-401F-B8B4-432C6FC9962C}.Release|Any CPU.Build.0 = Release|Any CPU
	EndGlobalSection
	GlobalSection(SolutionProperties) = preSolution
		HideSolutionNode = FALSE
	EndGlobalSection
	GlobalSection(ExtensibilityGlobals) = postSolution
		SolutionGuid = {7EE945CE-B267-47D7-8CE4-1A1690997D0E}
	EndGlobalSection
EndGlobal
